
Microsoft Visual Studio Solution File, Format Version 12.00
# Visual Studio Version 17
VisualStudioVersion = 17.0.31912.275
MinimumVisualStudioVersion = 10.0.40219.1
Project("{FAE04EC0-301F-11D3-BF4B-00C04F79EFBC}") = "HelloWorldCleanArchitecture", "HelloWorldCleanArchitecture\HelloWorldCleanArchitecture.csproj", "{468668FD-0747-4B92-911D-2D3E21BFD41A}"
EndProject
Project("{FAE04EC0-301F-11D3-BF4B-00C04F79EFBC}") = "HelloWorldCleanArchitecture.Core", "HelloWorldCleanArchitecture.Core\HelloWorldCleanArchitecture.Core.csproj", "{4403D76D-EA8E-47FD-B53B-D50C9156E735}"
EndProject
Project("{FAE04EC0-301F-11D3-BF4B-00C04F79EFBC}") = "HelloWorldCleanArchitecture.Infrastructure", "HelloWorldCleanArchitecture.Infrastructure\HelloWorldCleanArchitecture.Infrastructure.csproj", "{C20BE66C-AE33-402A-A6B1-802DDDFA7062}"
EndProject
Global
	GlobalSection(SolutionConfigurationPlatforms) = preSolution
		Debug|Any CPU = Debug|Any CPU
		Release|Any CPU = Release|Any CPU
	EndGlobalSection
	GlobalSection(ProjectConfigurationPlatforms) = postSolution
		{468668FD-0747-4B92-911D-2D3E21BFD41A}.Debug|Any CPU.ActiveCfg = Debug|Any CPU
		{468668FD-0747-4B92-911D-2D3E21BFD41A}.Debug|Any CPU.Build.0 = Debug|Any CPU
		{468668FD-0747-4B92-911D-2D3E21BFD41A}.Release|Any CPU.ActiveCfg = Release|Any CPU
		{468668FD-0747-4B92-911D-2D3E21BFD41A}.Release|Any CPU.Build.0 = Release|Any CPU
		{4403D76D-EA8E-47FD-B53B-D50C9156E735}.Debug|Any CPU.ActiveCfg = Debug|Any CPU
		{4403D76D-EA8E-47FD-B53B-D50C9156E735}.Debug|Any CPU.Build.0 = Debug|Any CPU
		{4403D76D-EA8E-47FD-B53B-D50C9156E735}.Release|Any CPU.ActiveCfg = Release|Any CPU
		{4403D76D-EA8E-47FD-B53B-D50C9156E735}.Release|Any CPU.Build.0 = Release|Any CPU
		{C20BE66C-AE33-402A-A6B1-802DDDFA7062}.Debug|Any CPU.ActiveCfg = Debug|Any CPU
		{C20BE66C-AE33-402A-A6B1-802DDDFA7062}.Debug|Any CPU.Build.0 = Debug|Any CPU
		{C20BE66C-AE33-402A-A6B1-802DDDFA7062}.Release|Any CPU.ActiveCfg = Release|Any CPU
		{C20BE66C-AE33-402A-A6B1-802DDDFA7062}.Release|Any CPU.Build.0 = Release|Any CPU
	EndGlobalSection
	GlobalSection(SolutionProperties) = preSolution
		HideSolutionNode = FALSE
	EndGlobalSection
	GlobalSection(ExtensibilityGlobals) = postSolution
		SolutionGuid = {A4A450B5-89A8-4156-A83B-2F29F52E448C}
	EndGlobalSection
EndGlobal
